Microsoft Visual Studio Solution File, Format Version 12.00
# Visual Studio Version 17
VisualStudioVersion = 17.12.35410.144
MinimumVisualStudioVersion = 10.0.40219.1
Project("{FAE04EC0-301F-11D3-BF4B-00C04F79EFBC}") = "AspireSample2.AppHost", "AspireSample2.AppHost\AspireSample2.AppHost.csproj", "{E1DD3CA7-A009-4213-8CB3-6D1481B3A3C2}"
EndProject
Project("{FAE04EC0-301F-11D3-BF4B-00C04F79EFBC}") = "AspireSample2.ServiceDefaults", "AspireSample2.ServiceDefaults\AspireSample2.ServiceDefaults.csproj", "{E709F66F-7E8C-431E-A4E9-9067B0B9C62B}"
EndProject
Project("{FAE04EC0-301F-11D3-BF4B-00C04F79EFBC}") = "AspireSample2.ApiService", "AspireSample2.ApiService\AspireSample2.ApiService.csproj", "{FE35CDBF-434F-4081-98CA-A8B18014B30A}"
EndProject
Project("{FAE04EC0-301F-11D3-BF4B-00C04F79EFBC}") = "AspireSample2.Web", "AspireSample2.Web\AspireSample2.Web.csproj", "{DFF9C841-CF34-4139-BC41-B7DDF670720C}"
EndProject
Global
	GlobalSection(SolutionConfigurationPlatforms) = preSolution
		Debug|Any CPU = Debug|Any CPU
		Release|Any CPU = Release|Any CPU
	EndGlobalSection
	GlobalSection(ProjectConfigurationPlatforms) = postSolution
		{E1DD3CA7-A009-4213-8CB3-6D1481B3A3C2}.Debug|Any CPU.ActiveCfg = Debug|Any CPU
		{E1DD3CA7-A009-4213-8CB3-6D1481B3A3C2}.Debug|Any CPU.Build.0 = Debug|Any CPU
		{E1DD3CA7-A009-4213-8CB3-6D1481B3A3C2}.Release|Any CPU.ActiveCfg = Release|Any CPU
		{E1DD3CA7-A009-4213-8CB3-6D1481B3A3C2}.Release|Any CPU.Build.0 = Release|Any CPU
		{E709F66F-7E8C-431E-A4E9-9067B0B9C62B}.Debug|Any CPU.ActiveCfg = Debug|Any CPU
		{E709F66F-7E8C-431E-A4E9-9067B0B9C62B}.Debug|Any CPU.Build.0 = Debug|Any CPU
		{E709F66F-7E8C-431E-A4E9-9067B0B9C62B}.Release|Any CPU.ActiveCfg = Release|Any CPU
		{E709F66F-7E8C-431E-A4E9-9067B0B9C62B}.Release|Any CPU.Build.0 = Release|Any CPU
		{FE35CDBF-434F-4081-98CA-A8B18014B30A}.Debug|Any CPU.ActiveCfg = Debug|Any CPU
		{FE35CDBF-434F-4081-98CA-A8B18014B30A}.Debug|Any CPU.Build.0 = Debug|Any CPU
		{FE35CDBF-434F-4081-98CA-A8B18014B30A}.Release|Any CPU.ActiveCfg = Release|Any CPU
		{FE35CDBF-434F-4081-98CA-A8B18014B30A}.Release|Any CPU.Build.0 = Release|Any CPU
		{DFF9C841-CF34-4139-BC41-B7DDF670720C}.Debug|Any CPU.ActiveCfg = Debug|Any CPU
		{DFF9C841-CF34-4139-BC41-B7DDF670720C}.Debug|Any CPU.Build.0 = Debug|Any CPU
		{DFF9C841-CF34-4139-BC41-B7DDF670720C}.Release|Any CPU.ActiveCfg = Release|Any CPU
		{DFF9C841-CF34-4139-BC41-B7DDF670720C}.Release|Any CPU.Build.0 = Release|Any CPU
	EndGlobalSection
	GlobalSection(SolutionProperties) = preSolution
		HideSolutionNode = FALSE
	EndGlobalSection
EndGlobal
